// !$*UTF8*$!
{
	archiveVersion = 1;
	classes = {
	};
	objectVersion = 46;
	objects = {

/* Begin PBXBuildFile section */
		2C341F1E1AC4D64500121ABE /* IAAStarWarsUniverse.m in Sources */ = {isa = PBXBuildFile; fileRef = 2C341F1D1AC4D64500121ABE /* IAAStarWarsUniverse.m */; };
		2C341F211AC574D100121ABE /* IAAUniverseTableViewController.m in Sources */ = {isa = PBXBuildFile; fileRef = 2C341F201AC574D100121ABE /* IAAUniverseTableViewController.m */; };
		2C6C4F2D1AC348490085B9E1 /* CafPlayer.m in Sources */ = {isa = PBXBuildFile; fileRef = 2C6C4F2C1AC348490085B9E1 /* CafPlayer.m */; };
		2C6C4F321AC34E5E0085B9E1 /* IAAWikiViewController.m in Sources */ = {isa = PBXBuildFile; fileRef = 2C6C4F301AC34E5E0085B9E1 /* IAAWikiViewController.m */; };
		2C6C4F331AC34E5E0085B9E1 /* IAAWikiViewController.xib in Resources */ = {isa = PBXBuildFile; fileRef = 2C6C4F311AC34E5E0085B9E1 /* IAAWikiViewController.xib */; };
		2CC5C4C91AC218FB006881B2 /* main.m in Sources */ = {isa = PBXBuildFile; fileRef = 2CC5C4C81AC218FB006881B2 /* main.m */; };
		2CC5C4CC1AC218FB006881B2 /* AppDelegate.m in Sources */ = {isa = PBXBuildFile; fileRef = 2CC5C4CB1AC218FB006881B2 /* AppDelegate.m */; };
		2CC5C4CE1AC218FB006881B2 /* Images.xcassets in Resources */ = {isa = PBXBuildFile; fileRef = 2CC5C4CD1AC218FB006881B2 /* Images.xcassets */; };
		2CC5C4D11AC218FB006881B2 /* LaunchScreen.xib in Resources */ = {isa = PBXBuildFile; fileRef = 2CC5C4CF1AC218FB006881B2 /* LaunchScreen.xib */; };
		2CC5C4DD1AC218FB006881B2 /* StarWarsTests.m in Sources */ = {isa = PBXBuildFile; fileRef = 2CC5C4DC1AC218FB006881B2 /* StarWarsTests.m */; };
		2CC5C4E81AC21939006881B2 /* IAAStarWarsCharacter.m in Sources */ = {isa = PBXBuildFile; fileRef = 2CC5C4E71AC21939006881B2 /* IAAStarWarsCharacter.m */; };
		2CC5C4F01AC21A59006881B2 /* IAACharacterViewController.m in Sources */ = {isa = PBXBuildFile; fileRef = 2CC5C4EE1AC21A59006881B2 /* IAACharacterViewController.m */; };
		2CC5C4F11AC21A59006881B2 /* IAACharacterViewController.xib in Resources */ = {isa = PBXBuildFile; fileRef = 2CC5C4EF1AC21A59006881B2 /* IAACharacterViewController.xib */; };
		2CC5C5031AC22820006881B2 /* c3po.caf in Resources */ = {isa = PBXBuildFile; fileRef = 2CC5C4F31AC22820006881B2 /* c3po.caf */; };
		2CC5C5041AC22820006881B2 /* c3po.jpg in Resources */ = {isa = PBXBuildFile; fileRef = 2CC5C4F41AC22820006881B2 /* c3po.jpg */; };
		2CC5C5051AC22820006881B2 /* chewbacca.caf in Resources */ = {isa = PBXBuildFile; fileRef = 2CC5C4F51AC22820006881B2 /* chewbacca.caf */; };
		2CC5C5061AC22820006881B2 /* chewbacca.jpg in Resources */ = {isa = PBXBuildFile; fileRef = 2CC5C4F61AC22820006881B2 /* chewbacca.jpg */; };
		2CC5C5071AC22820006881B2 /* darthVader.jpg in Resources */ = {isa = PBXBuildFile; fileRef = 2CC5C4F71AC22820006881B2 /* darthVader.jpg */; };
		2CC5C5081AC22820006881B2 /* icon.png in Resources */ = {isa = PBXBuildFile; fileRef = 2CC5C4F81AC22820006881B2 /* icon.png */; };
		2CC5C5091AC22820006881B2 /* iconSmall.png in Resources */ = {isa = PBXBuildFile; fileRef = 2CC5C4F91AC22820006881B2 /* iconSmall.png */; };
		2CC5C50A1AC22820006881B2 /* palpatine.caf in Resources */ = {isa = PBXBuildFile; fileRef = 2CC5C4FA1AC22820006881B2 /* palpatine.caf */; };
		2CC5C50B1AC22820006881B2 /* palpatine.jpg in Resources */ = {isa = PBXBuildFile; fileRef = 2CC5C4FB1AC22820006881B2 /* palpatine.jpg */; };
		2CC5C50C1AC22820006881B2 /* r2-d2.caf in Resources */ = {isa = PBXBuildFile; fileRef = 2CC5C4FC1AC22820006881B2 /* r2-d2.caf */; };
		2CC5C50D1AC22820006881B2 /* R2-D2.jpg in Resources */ = {isa = PBXBuildFile; fileRef = 2CC5C4FD1AC22820006881B2 /* R2-D2.jpg */; };
		2CC5C50E1AC22820006881B2 /* tarkin.caf in Resources */ = {isa = PBXBuildFile; fileRef = 2CC5C4FE1AC22820006881B2 /* tarkin.caf */; };
		2CC5C50F1AC22820006881B2 /* tarkin.jpg in Resources */ = {isa = PBXBuildFile; fileRef = 2CC5C4FF1AC22820006881B2 /* tarkin.jpg */; };
		2CC5C5101AC22820006881B2 /* vader.caf in Resources */ = {isa = PBXBuildFile; fileRef = 2CC5C5001AC22820006881B2 /* vader.caf */; };
		2CC5C5111AC22820006881B2 /* yoda.caf in Resources */ = {isa = PBXBuildFile; fileRef = 2CC5C5011AC22820006881B2 /* yoda.caf */; };
		2CC5C5121AC22820006881B2 /* yoda.jpg in Resources */ = {isa = PBXBuildFile; fileRef = 2CC5C5021AC22820006881B2 /* yoda.jpg */; };
/* End PBXBuildFile section */

/* Begin PBXContainerItemProxy section */
		2CC5C4D71AC218FB006881B2 /* PBXContainerItemProxy */ = {
			isa = PBXContainerItemProxy;
			containerPortal = 2CC5C4BB1AC218FA006881B2 /* Project object */;
			proxyType = 1;
			remoteGlobalIDString = 2CC5C4C21AC218FA006881B2;
			remoteInfo = StarWars;
		};
/* End PBXContainerItemProxy section */

/* Begin PBXFileReference section */
		2C341F1C1AC4D64500121ABE /* IAAStarWarsUniverse.h */ = {isa = PBXFileReference; fileEncoding = 4; lastKnownFileType = sourcecode.c.h; path = IAAStarWarsUniverse.h; sourceTree = "<group>"; };
		2C341F1D1AC4D64500121ABE /* IAAStarWarsUniverse.m */ = {isa = PBXFileReference; fileEncoding = 4; lastKnownFileType = sourcecode.c.objc; path = IAAStarWarsUniverse.m; sourceTree = "<group>"; };
		2C341F1F1AC574D100121ABE /* IAAUniverseTableViewController.h */ = {isa = PBXFileReference; fileEncoding = 4; lastKnownFileType = sourcecode.c.h; path = IAAUniverseTableViewController.h; sourceTree = "<group>"; };
		2C341F201AC574D100121ABE /* IAAUniverseTableViewController.m */ = {isa = PBXFileReference; fileEncoding = 4; lastKnownFileType = sourcecode.c.objc; path = IAAUniverseTableViewController.m; sourceTree = "<group>"; };
		2C6C4F2B1AC348490085B9E1 /* CafPlayer.h */ = {isa = PBXFileReference; fileEncoding = 4; lastKnownFileType = sourcecode.c.h; path = CafPlayer.h; sourceTree = "<group>"; };
		2C6C4F2C1AC348490085B9E1 /* CafPlayer.m */ = {isa = PBXFileReference; fileEncoding = 4; lastKnownFileType = sourcecode.c.objc; path = CafPlayer.m; sourceTree = "<group>"; };
		2C6C4F2F1AC34E5E0085B9E1 /* IAAWikiViewController.h */ = {isa = PBXFileReference; fileEncoding = 4; lastKnownFileType = sourcecode.c.h; path = IAAWikiViewController.h; sourceTree = "<group>"; };
		2C6C4F301AC34E5E0085B9E1 /* IAAWikiViewController.m */ = {isa = PBXFileReference; fileEncoding = 4; lastKnownFileType = sourcecode.c.objc; path = IAAWikiViewController.m; sourceTree = "<group>"; };
		2C6C4F311AC34E5E0085B9E1 /* IAAWikiViewController.xib */ = {isa = PBXFileReference; fileEncoding = 4; lastKnownFileType = file.xib; path = IAAWikiViewController.xib; sourceTree = "<group>"; };
		2CC5C4C31AC218FA006881B2 /* StarWars.app */ = {isa = PBXFileReference; explicitFileType = wrapper.application; includeInIndex = 0; path = StarWars.app; sourceTree = BUILT_PRODUCTS_DIR; };
		2CC5C4C71AC218FA006881B2 /* Info.plist */ = {isa = PBXFileReference; lastKnownFileType = text.plist.xml; path = Info.plist; sourceTree = "<group>"; };
		2CC5C4C81AC218FB006881B2 /* main.m */ = {isa = PBXFileReference; lastKnownFileType = sourcecode.c.objc; path = main.m; sourceTree = "<group>"; };
		2CC5C4CA1AC218FB006881B2 /* AppDelegate.h */ = {isa = PBXFileReference; lastKnownFileType = sourcecode.c.h; path = AppDelegate.h; sourceTree = "<group>"; };
		2CC5C4CB1AC218FB006881B2 /* AppDelegate.m */ = {isa = PBXFileReference; lastKnownFileType = sourcecode.c.objc; path = AppDelegate.m; sourceTree = "<group>"; };
		2CC5C4CD1AC218FB006881B2 /* Images.xcassets */ = {isa = PBXFileReference; lastKnownFileType = folder.assetcatalog; path = Images.xcassets; sourceTree = "<group>"; };
		2CC5C4D01AC218FB006881B2 /* Base */ = {isa = PBXFileReference; lastKnownFileType = file.xib; name = Base; path = Base.lproj/LaunchScreen.xib; sourceTree = "<group>"; };
		2CC5C4D61AC218FB006881B2 /* StarWarsTests.xctest */ = {isa = PBXFileReference; explicitFileType = wrapper.cfbundle; includeInIndex = 0; path = StarWarsTests.xctest; sourceTree = BUILT_PRODUCTS_DIR; };
		2CC5C4DB1AC218FB006881B2 /* Info.plist */ = {isa = PBXFileReference; lastKnownFileType = text.plist.xml; path = Info.plist; sourceTree = "<group>"; };
		2CC5C4DC1AC218FB006881B2 /* StarWarsTests.m */ = {isa = PBXFileReference; lastKnownFileType = sourcecode.c.objc; path = StarWarsTests.m; sourceTree = "<group>"; };
		2CC5C4E61AC21939006881B2 /* IAAStarWarsCharacter.h */ = {isa = PBXFileReference; fileEncoding = 4; lastKnownFileType = sourcecode.c.h; path = IAAStarWarsCharacter.h; sourceTree = "<group>"; };
		2CC5C4E71AC21939006881B2 /* IAAStarWarsCharacter.m */ = {isa = PBXFileReference; fileEncoding = 4; lastKnownFileType = sourcecode.c.objc; path = IAAStarWarsCharacter.m; sourceTree = "<group>"; };
		2CC5C4ED1AC21A59006881B2 /* IAACharacterViewController.h */ = {isa = PBXFileReference; fileEncoding = 4; lastKnownFileType = sourcecode.c.h; path = IAACharacterViewController.h; sourceTree = "<group>"; };
		2CC5C4EE1AC21A59006881B2 /* IAACharacterViewController.m */ = {isa = PBXFileReference; fileEncoding = 4; lastKnownFileType = sourcecode.c.objc; path = IAACharacterViewController.m; sourceTree = "<group>"; };
		2CC5C4EF1AC21A59006881B2 /* IAACharacterViewController.xib */ = {isa = PBXFileReference; fileEncoding = 4; lastKnownFileType = file.xib; path = IAACharacterViewController.xib; sourceTree = "<group>"; };
		2CC5C4F31AC22820006881B2 /* c3po.caf */ = {isa = PBXFileReference; lastKnownFileType = file; path = c3po.caf; sourceTree = "<group>"; };
		2CC5C4F41AC22820006881B2 /* c3po.jpg */ = {isa = PBXFileReference; lastKnownFileType = image.jpeg; path = c3po.jpg; sourceTree = "<group>"; };
		2CC5C4F51AC22820006881B2 /* chewbacca.caf */ = {isa = PBXFileReference; lastKnownFileType = file; path = chewbacca.caf; sourceTree = "<group>"; };
		2CC5C4F61AC22820006881B2 /* chewbacca.jpg */ = {isa = PBXFileReference; lastKnownFileType = image.jpeg; path = chewbacca.jpg; sourceTree = "<group>"; };
		2CC5C4F71AC22820006881B2 /* darthVader.jpg */ = {isa = PBXFileReference; lastKnownFileType = image.jpeg; path = darthVader.jpg; sourceTree = "<group>"; };
		2CC5C4F81AC22820006881B2 /* icon.png */ = {isa = PBXFileReference; lastKnownFileType = image.png; path = icon.png; sourceTree = "<group>"; };
		2CC5C4F91AC22820006881B2 /* iconSmall.png */ = {isa = PBXFileReference; lastKnownFileType = image.png; path = iconSmall.png; sourceTree = "<group>"; };
		2CC5C4FA1AC22820006881B2 /* palpatine.caf */ = {isa = PBXFileReference; lastKnownFileType = file; path = palpatine.caf; sourceTree = "<group>"; };
		2CC5C4FB1AC22820006881B2 /* palpatine.jpg */ = {isa = PBXFileReference; lastKnownFileType = image.jpeg; path = palpatine.jpg; sourceTree = "<group>"; };
		2CC5C4FC1AC22820006881B2 /* r2-d2.caf */ = {isa = PBXFileReference; lastKnownFileType = file; path = "r2-d2.caf"; sourceTree = "<group>"; };
		2CC5C4FD1AC22820006881B2 /* R2-D2.jpg */ = {isa = PBXFileReference; lastKnownFileType = image.jpeg; path = "R2-D2.jpg"; sourceTree = "<group>"; };
		2CC5C4FE1AC22820006881B2 /* tarkin.caf */ = {isa = PBXFileReference; lastKnownFileType = file; path = tarkin.caf; sourceTree = "<group>"; };
		2CC5C4FF1AC22820006881B2 /* tarkin.jpg */ = {isa = PBXFileReference; lastKnownFileType = image.jpeg; path = tarkin.jpg; sourceTree = "<group>"; };
		2CC5C5001AC22820006881B2 /* vader.caf */ = {isa = PBXFileReference; lastKnownFileType = file; path = vader.caf; sourceTree = "<group>"; };
		2CC5C5011AC22820006881B2 /* yoda.caf */ = {isa = PBXFileReference; lastKnownFileType = file; path = yoda.caf; sourceTree = "<group>"; };
		2CC5C5021AC22820006881B2 /* yoda.jpg */ = {isa = PBXFileReference; lastKnownFileType = image.jpeg; path = yoda.jpg; sourceTree = "<group>"; };
/* End PBXFileReference section */

/* Begin PBXFrameworksBuildPhase section */
		2CC5C4C01AC218FA006881B2 /* Frameworks */ = {
			isa = PBXFrameworksBuildPhase;
			buildActionMask = 2147483647;
			files = (
			);
			runOnlyForDeploymentPostprocessing = 0;
		};
		2CC5C4D31AC218FB006881B2 /* Frameworks */ = {
			isa = PBXFrameworksBuildPhase;
			buildActionMask = 2147483647;
			files = (
			);
			runOnlyForDeploymentPostprocessing = 0;
		};
/* End PBXFrameworksBuildPhase section */

/* Begin PBXGroup section */
		2C6C4F2E1AC348760085B9E1 /* Sound */ = {
			isa = PBXGroup;
			children = (
				2C6C4F2B1AC348490085B9E1 /* CafPlayer.h */,
				2C6C4F2C1AC348490085B9E1 /* CafPlayer.m */,
			);
			name = Sound;
			sourceTree = "<group>";
		};
		2CC5C4BA1AC218FA006881B2 = {
			isa = PBXGroup;
			children = (
				2CC5C4C51AC218FA006881B2 /* StarWars */,
				2CC5C4D91AC218FB006881B2 /* StarWarsTests */,
				2CC5C4C41AC218FA006881B2 /* Products */,
			);
			sourceTree = "<group>";
		};
		2CC5C4C41AC218FA006881B2 /* Products */ = {
			isa = PBXGroup;
			children = (
				2CC5C4C31AC218FA006881B2 /* StarWars.app */,
				2CC5C4D61AC218FB006881B2 /* StarWarsTests.xctest */,
			);
			name = Products;
			sourceTree = "<group>";
		};
		2CC5C4C51AC218FA006881B2 /* StarWars */ = {
			isa = PBXGroup;
			children = (
				2CC5C4CA1AC218FB006881B2 /* AppDelegate.h */,
				2CC5C4CB1AC218FB006881B2 /* AppDelegate.m */,
				2C6C4F2E1AC348760085B9E1 /* Sound */,
				2CC5C4CD1AC218FB006881B2 /* Images.xcassets */,
				2CC5C4CF1AC218FB006881B2 /* LaunchScreen.xib */,
				2CC5C4E91AC2193E006881B2 /* Models */,
				2CC5C4F21AC21A5F006881B2 /* Controllers */,
				2CC5C5131AC22827006881B2 /* Resources */,
				2CC5C4C61AC218FA006881B2 /* Supporting Files */,
			);
			path = StarWars;
			sourceTree = "<group>";
		};
		2CC5C4C61AC218FA006881B2 /* Supporting Files */ = {
			isa = PBXGroup;
			children = (
				2CC5C4C71AC218FA006881B2 /* Info.plist */,
				2CC5C4C81AC218FB006881B2 /* main.m */,
			);
			name = "Supporting Files";
			sourceTree = "<group>";
		};
		2CC5C4D91AC218FB006881B2 /* StarWarsTests */ = {
			isa = PBXGroup;
			children = (
				2CC5C4DC1AC218FB006881B2 /* StarWarsTests.m */,
				2CC5C4DA1AC218FB006881B2 /* Supporting Files */,
			);
			path = StarWarsTests;
			sourceTree = "<group>";
		};
		2CC5C4DA1AC218FB006881B2 /* Supporting Files */ = {
			isa = PBXGroup;
			children = (
				2CC5C4DB1AC218FB006881B2 /* Info.plist */,
			);
			name = "Supporting Files";
			sourceTree = "<group>";
		};
		2CC5C4E91AC2193E006881B2 /* Models */ = {
			isa = PBXGroup;
			children = (
				2CC5C4E61AC21939006881B2 /* IAAStarWarsCharacter.h */,
				2CC5C4E71AC21939006881B2 /* IAAStarWarsCharacter.m */,
				2C341F1C1AC4D64500121ABE /* IAAStarWarsUniverse.h */,
				2C341F1D1AC4D64500121ABE /* IAAStarWarsUniverse.m */,
			);
			name = Models;
			path = ..;
			sourceTree = "<group>";
		};
		2CC5C4F21AC21A5F006881B2 /* Controllers */ = {
			isa = PBXGroup;
			children = (
				2CC5C4ED1AC21A59006881B2 /* IAACharacterViewController.h */,
				2CC5C4EE1AC21A59006881B2 /* IAACharacterViewController.m */,
				2CC5C4EF1AC21A59006881B2 /* IAACharacterViewController.xib */,
				2C6C4F2F1AC34E5E0085B9E1 /* IAAWikiViewController.h */,
				2C6C4F301AC34E5E0085B9E1 /* IAAWikiViewController.m */,
				2C6C4F311AC34E5E0085B9E1 /* IAAWikiViewController.xib */,
				2C341F1F1AC574D100121ABE /* IAAUniverseTableViewController.h */,
				2C341F201AC574D100121ABE /* IAAUniverseTableViewController.m */,
			);
			name = Controllers;
			path = ..;
			sourceTree = "<group>";
		};
		2CC5C5131AC22827006881B2 /* Resources */ = {
			isa = PBXGroup;
			children = (
				2CC5C4F31AC22820006881B2 /* c3po.caf */,
				2CC5C4F41AC22820006881B2 /* c3po.jpg */,
				2CC5C4F51AC22820006881B2 /* chewbacca.caf */,
				2CC5C4F61AC22820006881B2 /* chewbacca.jpg */,
				2CC5C4F71AC22820006881B2 /* darthVader.jpg */,
				2CC5C4F81AC22820006881B2 /* icon.png */,
				2CC5C4F91AC22820006881B2 /* iconSmall.png */,
				2CC5C4FA1AC22820006881B2 /* palpatine.caf */,
				2CC5C4FB1AC22820006881B2 /* palpatine.jpg */,
				2CC5C4FC1AC22820006881B2 /* r2-d2.caf */,
				2CC5C4FD1AC22820006881B2 /* R2-D2.jpg */,
				2CC5C4FE1AC22820006881B2 /* tarkin.caf */,
				2CC5C4FF1AC22820006881B2 /* tarkin.jpg */,
				2CC5C5001AC22820006881B2 /* vader.caf */,
				2CC5C5011AC22820006881B2 /* yoda.caf */,
				2CC5C5021AC22820006881B2 /* yoda.jpg */,
			);
			name = Resources;
			sourceTree = "<group>";
		};
/* End PBXGroup section */

/* Begin PBXNativeTarget section */
		2CC5C4C21AC218FA006881B2 /* StarWars */ = {
			isa = PBXNativeTarget;
			buildConfigurationList = 2CC5C4E01AC218FB006881B2 /* Build configuration list for PBXNativeTarget "StarWars" */;
			buildPhases = (
				2CC5C4BF1AC218FA006881B2 /* Sources */,
				2CC5C4C01AC218FA006881B2 /* Frameworks */,
				2CC5C4C11AC218FA006881B2 /* Resources */,
			);
			buildRules = (
			);
			dependencies = (
			);
			name = StarWars;
			productName = StarWars;
			productReference = 2CC5C4C31AC218FA006881B2 /* StarWars.app */;
			productType = "com.apple.product-type.application";
		};
		2CC5C4D51AC218FB006881B2 /* StarWarsTests */ = {
			isa = PBXNativeTarget;
			buildConfigurationList = 2CC5C4E31AC218FB006881B2 /* Build configuration list for PBXNativeTarget "StarWarsTests" */;
			buildPhases = (
				2CC5C4D21AC218FB006881B2 /* Sources */,
				2CC5C4D31AC218FB006881B2 /* Frameworks */,
				2CC5C4D41AC218FB006881B2 /* Resources */,
			);
			buildRules = (
			);
			dependencies = (
				2CC5C4D81AC218FB006881B2 /* PBXTargetDependency */,
			);
			name = StarWarsTests;
			productName = StarWarsTests;
			productReference = 2CC5C4D61AC218FB006881B2 /* StarWarsTests.xctest */;
			productType = "com.apple.product-type.bundle.unit-test";
		};
/* End PBXNativeTarget section */

/* Begin PBXProject section */
		2CC5C4BB1AC218FA006881B2 /* Project object */ = {
			isa = PBXProject;
			attributes = {
				LastUpgradeCheck = 0620;
				ORGANIZATIONNAME = Ivan;
				TargetAttributes = {
					2CC5C4C21AC218FA006881B2 = {
						CreatedOnToolsVersion = 6.2;
					};
					2CC5C4D51AC218FB006881B2 = {
						CreatedOnToolsVersion = 6.2;
						TestTargetID = 2CC5C4C21AC218FA006881B2;
					};
				};
			};
			buildConfigurationList = 2CC5C4BE1AC218FA006881B2 /* Build configuration list for PBXProject "StarWars" */;
			compatibilityVersion = "Xcode 3.2";
			developmentRegion = English;
			hasScannedForEncodings = 0;
			knownRegions = (
				en,
				Base,
			);
			mainGroup = 2CC5C4BA1AC218FA006881B2;
			productRefGroup = 2CC5C4C41AC218FA006881B2 /* Products */;
			projectDirPath = "";
			projectRoot = "";
			targets = (
				2CC5C4C21AC218FA006881B2 /* StarWars */,
				2CC5C4D51AC218FB006881B2 /* StarWarsTests */,
			);
		};
/* End PBXProject section */

/* Begin PBXResourcesBuildPhase section */
		2CC5C4C11AC218FA006881B2 /* Resources */ = {
			isa = PBXResourcesBuildPhase;
			buildActionMask = 2147483647;
			files = (
				2CC5C5091AC22820006881B2 /* iconSmall.png in Resources */,
				2CC5C50D1AC22820006881B2 /* R2-D2.jpg in Resources */,
				2CC5C50F1AC22820006881B2 /* tarkin.jpg in Resources */,
				2CC5C4D11AC218FB006881B2 /* LaunchScreen.xib in Resources */,
				2CC5C50B1AC22820006881B2 /* palpatine.jpg in Resources */,
				2CC5C50E1AC22820006881B2 /* tarkin.caf in Resources */,
				2CC5C5041AC22820006881B2 /* c3po.jpg in Resources */,
				2CC5C5121AC22820006881B2 /* yoda.jpg in Resources */,
				2CC5C5081AC22820006881B2 /* icon.png in Resources */,
				2CC5C5071AC22820006881B2 /* darthVader.jpg in Resources */,
				2CC5C5111AC22820006881B2 /* yoda.caf in Resources */,
				2CC5C50A1AC22820006881B2 /* palpatine.caf in Resources */,
				2C6C4F331AC34E5E0085B9E1 /* IAAWikiViewController.xib in Resources */,
				2CC5C5051AC22820006881B2 /* chewbacca.caf in Resources */,
				2CC5C50C1AC22820006881B2 /* r2-d2.caf in Resources */,
				2CC5C5101AC22820006881B2 /* vader.caf in Resources */,
				2CC5C5031AC22820006881B2 /* c3po.caf in Resources */,
				2CC5C4F11AC21A59006881B2 /* IAACharacterViewController.xib in Resources */,
				2CC5C4CE1AC218FB006881B2 /* Images.xcassets in Resources */,
				2CC5C5061AC22820006881B2 /* chewbacca.jpg in Resources */,
			);
			runOnlyForDeploymentPostprocessing = 0;
		};
		2CC5C4D41AC218FB006881B2 /* Resources */ = {
			isa = PBXResourcesBuildPhase;
			buildActionMask = 2147483647;
			files = (
			);
			runOnlyForDeploymentPostprocessing = 0;
		};
/* End PBXResourcesBuildPhase section */

/* Begin PBXSourcesBuildPhase section */
		2CC5C4BF1AC218FA006881B2 /* Sources */ = {
			isa = PBXSourcesBuildPhase;
			buildActionMask = 2147483647;
			files = (
				2CC5C4CC1AC218FB006881B2 /* AppDelegate.m in Sources */,
				2CC5C4E81AC21939006881B2 /* IAAStarWarsCharacter.m in Sources */,
				2C6C4F321AC34E5E0085B9E1 /* IAAWikiViewController.m in Sources */,
				2C6C4F2D1AC348490085B9E1 /* CafPlayer.m in Sources */,
				2C341F211AC574D100121ABE /* IAAUniverseTableViewController.m in Sources */,
				2C341F1E1AC4D64500121ABE /* IAAStarWarsUniverse.m in Sources */,
				2CC5C4F01AC21A59006881B2 /* IAACharacterViewController.m in Sources */,
				2CC5C4C91AC218FB006881B2 /* main.m in Sources */,
			);
			runOnlyForDeploymentPostprocessing = 0;
		};
		2CC5C4D21AC218FB006881B2 /* Sources */ = {
			isa = PBXSourcesBuildPhase;
			buildActionMask = 2147483647;
			files = (
				2CC5C4DD1AC218FB006881B2 /* StarWarsTests.m in Sources */,
			);
			runOnlyForDeploymentPostprocessing = 0;
		};
/* End PBXSourcesBuildPhase section */

/* Begin PBXTargetDependency section */
		2CC5C4D81AC218FB006881B2 /* PBXTargetDependency */ = {
			isa = PBXTargetDependency;
			target = 2CC5C4C21AC218FA006881B2 /* StarWars */;
			targetProxy = 2CC5C4D71AC218FB006881B2 /* PBXContainerItemProxy */;
		};
/* End PBXTargetDependency section */

/* Begin PBXVariantGroup section */
		2CC5C4CF1AC218FB006881B2 /* LaunchScreen.xib */ = {
			isa = PBXVariantGroup;
			children = (
				2CC5C4D01AC218FB006881B2 /* Base */,
			);
			name = LaunchScreen.xib;
			sourceTree = "<group>";
		};
/* End PBXVariantGroup section */

/* Begin XCBuildConfiguration section */
		2CC5C4DE1AC218FB006881B2 /* Debug */ = {
			isa = XCBuildConfiguration;
			buildSettings = {
				ALWAYS_SEARCH_USER_PATHS = NO;
				CLANG_CXX_LANGUAGE_STANDARD = "gnu++0x";
				CLANG_CXX_LIBRARY = "libc++";
				CLANG_ENABLE_MODULES = YES;
				CLANG_ENABLE_OBJC_ARC = YES;
				CLANG_WARN_BOOL_CONVERSION = YES;
				CLANG_WARN_CONSTANT_CONVERSION = YES;
				CLANG_WARN_DIRECT_OBJC_ISA_USAGE = YES_ERROR;
				CLANG_WARN_EMPTY_BODY = YES;
				CLANG_WARN_ENUM_CONVERSION = YES;
				CLANG_WARN_INT_CONVERSION = YES;
				CLANG_WARN_OBJC_ROOT_CLASS = YES_ERROR;
				CLANG_WARN_UNREACHABLE_CODE = YES;
				CLANG_WARN__DUPLICATE_METHOD_MATCH = YES;
				"CODE_SIGN_IDENTITY[sdk=iphoneos*]" = "iPhone Developer";
				COPY_PHASE_STRIP = NO;
				ENABLE_STRICT_OBJC_MSGSEND = YES;
				GCC_C_LANGUAGE_STANDARD = gnu99;
				GCC_DYNAMIC_NO_PIC = NO;
				GCC_OPTIMIZATION_LEVEL = 0;
				GCC_PREPROCESSOR_DEFINITIONS = (
					"DEBUG=1",
					"$(inherited)",
				);
				GCC_SYMBOLS_PRIVATE_EXTERN = NO;
				GCC_WARN_64_TO_32_BIT_CONVERSION = YES;
				GCC_WARN_ABOUT_RETURN_TYPE = YES_ERROR;
				GCC_WARN_UNDECLARED_SELECTOR = YES;
				GCC_WARN_UNINITIALIZED_AUTOS = YES_AGGRESSIVE;
				GCC_WARN_UNUSED_FUNCTION = YES;
				GCC_WARN_UNUSED_VARIABLE = YES;
				IPHONEOS_DEPLOYMENT_TARGET = 8.2;
				MTL_ENABLE_DEBUG_INFO = YES;
				ONLY_ACTIVE_ARCH = YES;
				SDKROOT = iphoneos;
				TARGETED_DEVICE_FAMILY = "1,2";
			};
			name = Debug;
		};
		2CC5C4DF1AC218FB006881B2 /* Release */ = {
			isa = XCBuildConfiguration;
			buildSettings = {
				ALWAYS_SEARCH_USER_PATHS = NO;
				CLANG_CXX_LANGUAGE_STANDARD = "gnu++0x";
				CLANG_CXX_LIBRARY = "libc++";
				CLANG_ENABLE_MODULES = YES;
				CLANG_ENABLE_OBJC_ARC = YES;
				CLANG_WARN_BOOL_CONVERSION = YES;
				CLANG_WARN_CONSTANT_CONVERSION = YES;
				CLANG_WARN_DIRECT_OBJC_ISA_USAGE = YES_ERROR;
				CLANG_WARN_EMPTY_BODY = YES;
				CLANG_WARN_ENUM_CONVERSION = YES;
				CLANG_WARN_INT_CONVERSION = YES;
				CLANG_WARN_OBJC_ROOT_CLASS = YES_ERROR;
				CLANG_WARN_UNREACHABLE_CODE = YES;
				CLANG_WARN__DUPLICATE_METHOD_MATCH = YES;
				"CODE_SIGN_IDENTITY[sdk=iphoneos*]" = "iPhone Developer";
				COPY_PHASE_STRIP = NO;
				ENABLE_NS_ASSERTIONS = NO;
				ENABLE_STRICT_OBJC_MSGSEND = YES;
				GCC_C_LANGUAGE_STANDARD = gnu99;
				GCC_WARN_64_TO_32_BIT_CONVERSION = YES;
				GCC_WARN_ABOUT_RETURN_TYPE = YES_ERROR;
				GCC_WARN_UNDECLARED_SELECTOR = YES;
				GCC_WARN_UNINITIALIZED_AUTOS = YES_AGGRESSIVE;
				GCC_WARN_UNUSED_FUNCTION = YES;
				GCC_WARN_UNUSED_VARIABLE = YES;
				IPHONEOS_DEPLOYMENT_TARGET = 8.2;
				MTL_ENABLE_DEBUG_INFO = NO;
				SDKROOT = iphoneos;
				TARGETED_DEVICE_FAMILY = "1,2";
				VALIDATE_PRODUCT = YES;
			};
			name = Release;
		};
		2CC5C4E11AC218FB006881B2 /* Debug */ = {
			isa = XCBuildConfiguration;
			buildSettings = {
				ASSETCATALOG_COMPILER_APPICON_NAME = AppIcon;
				INFOPLIST_FILE = StarWars/Info.plist;
				LD_RUNPATH_SEARCH_PATHS = "$(inherited) @executable_path/Frameworks";
				PRODUCT_NAME = "$(TARGET_NAME)";
			};
			name = Debug;
		};
		2CC5C4E21AC218FB006881B2 /* Release */ = {
			isa = XCBuildConfiguration;
			buildSettings = {
				ASSETCATALOG_COMPILER_APPICON_NAME = AppIcon;
				INFOPLIST_FILE = StarWars/Info.plist;
				LD_RUNPATH_SEARCH_PATHS = "$(inherited) @executable_path/Frameworks";
				PRODUCT_NAME = "$(TARGET_NAME)";
			};
			name = Release;
		};
		2CC5C4E41AC218FB006881B2 /* Debug */ = {
			isa = XCBuildConfiguration;
			buildSettings = {
				BUNDLE_LOADER = "$(TEST_HOST)";
				FRAMEWORK_SEARCH_PATHS = (
					"$(SDKROOT)/Developer/Library/Frameworks",
					"$(inherited)",
				);
				GCC_PREPROCESSOR_DEFINITIONS = (
					"DEBUG=1",
					"$(inherited)",
				);
				INFOPLIST_FILE = StarWarsTests/Info.plist;
				LD_RUNPATH_SEARCH_PATHS = "$(inherited) @executable_path/Frameworks @loader_path/Frameworks";
				PRODUCT_NAME = "$(TARGET_NAME)";
				TEST_HOST = "$(BUILT_PRODUCTS_DIR)/StarWars.app/StarWars";
			};
			name = Debug;
		};
		2CC5C4E51AC218FB006881B2 /* Release */ = {
			isa = XCBuildConfiguration;
			buildSettings = {
				BUNDLE_LOADER = "$(TEST_HOST)";
				FRAMEWORK_SEARCH_PATHS = (
					"$(SDKROOT)/Developer/Library/Frameworks",
					"$(inherited)",
				);
				INFOPLIST_FILE = StarWarsTests/Info.plist;
				LD_RUNPATH_SEARCH_PATHS = "$(inherited) @executable_path/Frameworks @loader_path/Frameworks";
				PRODUCT_NAME = "$(TARGET_NAME)";
				TEST_HOST = "$(BUILT_PRODUCTS_DIR)/StarWars.app/StarWars";
			};
			name = Release;
		};
/* End XCBuildConfiguration section */

/* Begin XCConfigurationList section */
		2CC5C4BE1AC218FA006881B2 /* Build configuration list for PBXProject "StarWars" */ = {
			isa = XCConfigurationList;
			buildConfigurations = (
				2CC5C4DE1AC218FB006881B2 /* Debug */,
				2CC5C4DF1AC218FB006881B2 /* Release */,
			);
			defaultConfigurationIsVisible = 0;
			defaultConfigurationName = Release;
		};
		2CC5C4E01AC218FB006881B2 /* Build configuration list for PBXNativeTarget "StarWars" */ = {
			isa = XCConfigurationList;
			buildConfigurations = (
				2CC5C4E11AC218FB006881B2 /* Debug */,
				2CC5C4E21AC218FB006881B2 /* Release */,
			);
			defaultConfigurationIsVisible = 0;
			defaultConfigurationName = Release;
		};
		2CC5C4E31AC218FB006881B2 /* Build configuration list for PBXNativeTarget "StarWarsTests" */ = {
			isa = XCConfigurationList;
			buildConfigurations = (
				2CC5C4E41AC218FB006881B2 /* Debug */,
				2CC5C4E51AC218FB006881B2 /* Release */,
			);
			defaultConfigurationIsVisible = 0;
			defaultConfigurationName = Release;
		};
/* End XCConfigurationList section */
	};
	rootObject = 2CC5C4BB1AC218FA006881B2 /* Project object */;
}
